
Microsoft Visual Studio Solution File, Format Version 11.00
# Visual Studio 2010
Project("{2150E333-8FDC-42A3-9474-1A3956D46DE8}") = "Solution Items", "Solution Items", "{AC4CC766-F9A5-44E2-9CCC-A4EFECA9B956}"
	ProjectSection(SolutionItems) = preProject
		CatbertSolution.vsmdi = CatbertSolution.vsmdi
		LocalTestRun.testrunconfig = LocalTestRun.testrunconfig
	EndProjectSection
EndProject
Project("{2150E333-8FDC-42A3-9474-1A3956D46DE8}") = "Bin", "Bin", "{C6767C7B-D7FD-4231-BA5C-FA886A43E7DF}"
	ProjectSection(SolutionItems) = preProject
		Bin\CAESArch.BLL.dll = Bin\CAESArch.BLL.dll
		Bin\CAESArch.Core.dll = Bin\CAESArch.Core.dll
		Bin\CAESArch.Data.dll = Bin\CAESArch.Data.dll
		Bin\CAESArch.Web.Providers.dll = Bin\CAESArch.Web.Providers.dll
		Bin\CAESOps.dll = Bin\CAESOps.dll
		Bin\Castle.Core.dll = Bin\Castle.Core.dll
		Bin\Castle.DynamicProxy2.dll = Bin\Castle.DynamicProxy2.dll
		Bin\Elmah.dll = Bin\Elmah.dll
		Bin\HibernatingRhinos.NHibernate.Profiler.Appender.dll = Bin\HibernatingRhinos.NHibernate.Profiler.Appender.dll
		Bin\Iesi.Collections.dll = Bin\Iesi.Collections.dll
		Bin\log4net.dll = Bin\log4net.dll
		Bin\NHibernate.dll = Bin\NHibernate.dll
		Bin\NHibernate.Linq.dll = Bin\NHibernate.Linq.dll
		Bin\NHibernate.ProxyGenerators.CastleDynamicProxy.dll = Bin\NHibernate.ProxyGenerators.CastleDynamicProxy.dll
		Bin\System.Data.SQLite.DLL = Bin\System.Data.SQLite.DLL
	EndProjectSection
EndProject
Project("{E24C65DC-7377-472B-9ABA-BC803B73C61A}") = "Catbert.Web", "Catbert.Web", "{F72EF2F0-EF1F-47C4-925A-A3F1621ECA5C}"
	ProjectSection(WebsiteProperties) = preProject
		SccProjectName = "SAK"
		SccAuxPath = "SAK"
		SccLocalPath = "SAK"
		SccProvider = "SAK"
		TargetFrameworkMoniker = ".NETFramework,Version%3Dv4.0"
		ProjectReferences = "{08264AE9-DFB6-4961-B704-3C3BB9E52904}|CAESDO.Catbert.BLL.dll;{A7B433EA-F2D1-4BF3-93FB-0787C99F9870}|CAESDO.Catbert.Core.dll;{55DA8BF5-C31F-4C3B-AEE3-07FDF47DA6F0}|CAESDO.Catbert.Data.dll;"
		Debug.AspNetCompiler.VirtualPath = "/Catbert.Web"
		Debug.AspNetCompiler.PhysicalPath = "Catbert.Web\"
		Debug.AspNetCompiler.TargetPath = "PrecompiledWeb\Catbert.Web\"
		Debug.AspNetCompiler.Updateable = "true"
		Debug.AspNetCompiler.ForceOverwrite = "true"
		Debug.AspNetCompiler.FixedNames = "false"
		Debug.AspNetCompiler.Debug = "True"
		Release.AspNetCompiler.VirtualPath = "/Catbert.Web"
		Release.AspNetCompiler.PhysicalPath = "Catbert.Web\"
		Release.AspNetCompiler.TargetPath = "PrecompiledWeb\Catbert.Web\"
		Release.AspNetCompiler.Updateable = "true"
		Release.AspNetCompiler.ForceOverwrite = "true"
		Release.AspNetCompiler.FixedNames = "false"
		Release.AspNetCompiler.Debug = "False"
		VWDPort = "61623"
		DefaultWebSiteLanguage = "Visual C#"
	EndProjectSection
EndProject
Project("{FAE04EC0-301F-11D3-BF4B-00C04F79EFBC}") = "Catbert.BLL", "Catbert.BLL\Catbert.BLL.csproj", "{08264AE9-DFB6-4961-B704-3C3BB9E52904}"
EndProject
Project("{FAE04EC0-301F-11D3-BF4B-00C04F79EFBC}") = "Catbert.Core", "Catbert.Core\Catbert.Core.csproj", "{A7B433EA-F2D1-4BF3-93FB-0787C99F9870}"
EndProject
Project("{FAE04EC0-301F-11D3-BF4B-00C04F79EFBC}") = "Catbert.Data", "Catbert.Data\Catbert.Data.csproj", "{55DA8BF5-C31F-4C3B-AEE3-07FDF47DA6F0}"
EndProject
Project("{FAE04EC0-301F-11D3-BF4B-00C04F79EFBC}") = "Catbert.Test", "Catbert.Test\Catbert.Test.csproj", "{C6075B5F-2281-465B-BCA4-EE3E2F8CF013}"
	ProjectSection(ProjectDependencies) = postProject
		{F72EF2F0-EF1F-47C4-925A-A3F1621ECA5C} = {F72EF2F0-EF1F-47C4-925A-A3F1621ECA5C}
	EndProjectSection
EndProject
Project("{C8D11400-126E-41CD-887F-60BD40844F9E}") = "Catbert.DB", "Catbert.DB\Catbert.DB.dbproj", "{67CBC824-A49E-4E9B-A947-360F3DFE65C3}"
EndProject
Project("{2CFEAB61-6A3B-4EB8-B523-560B4BEEF521}") = "Catbert.Deploy", "Catbert.Deploy\Catbert.Deploy.wdproj", "{4F1170A1-AC03-422A-B50F-C066D5B95E2E}"
EndProject
Global
	GlobalSection(TeamFoundationVersionControl) = preSolution
		SccNumberOfProjects = 8
		SccEnterpriseProvider = {4CA58AB2-18FA-4F8D-95D4-32DDF27D184C}
		SccTeamFoundationServer = https://tfs.caes.ucdavis.edu:8088/tfs/defaultcollection
		SccLocalPath0 = .
		SccProjectUniqueName1 = Catbert.BLL\\Catbert.BLL.csproj
		SccProjectName1 = Catbert.BLL
		SccLocalPath1 = Catbert.BLL
		SccProjectUniqueName2 = Catbert.Core\\Catbert.Core.csproj
		SccProjectName2 = Catbert.Core
		SccLocalPath2 = Catbert.Core
		SccProjectUniqueName3 = Catbert.Data\\Catbert.Data.csproj
		SccProjectName3 = Catbert.Data
		SccLocalPath3 = Catbert.Data
		SccWebProject4 = true
		SccProjectUniqueName4 = Catbert.Web
		SccLocalPath4 = .
		SccProjectFilePathRelativizedFromConnection4 = Catbert.Web\\
		SccProjectEnlistmentChoice4 = 2
		SccProjectUniqueName5 = Catbert.Test\\Catbert.Test.csproj
		SccProjectName5 = Catbert.Test
		SccLocalPath5 = Catbert.Test
		SccProjectUniqueName6 = Catbert.DB\\Catbert.DB.dbproj
		SccProjectName6 = Catbert.DB
		SccLocalPath6 = Catbert.DB
		SccProjectUniqueName7 = Catbert.Deploy\\Catbert.Deploy.wdproj
		SccProjectName7 = Catbert.Deploy
		SccLocalPath7 = Catbert.Deploy
	EndGlobalSection
	GlobalSection(TestCaseManagementSettings) = postSolution
		CategoryFile = CatbertSolution.vsmdi
	EndGlobalSection
	GlobalSection(SolutionConfigurationPlatforms) = preSolution
		Debug|Any CPU = Debug|Any CPU
		Release|Any CPU = Release|Any CPU
	EndGlobalSection
	GlobalSection(ProjectConfigurationPlatforms) = postSolution
		{F72EF2F0-EF1F-47C4-925A-A3F1621ECA5C}.Debug|Any CPU.ActiveCfg = Debug|Any CPU
		{F72EF2F0-EF1F-47C4-925A-A3F1621ECA5C}.Debug|Any CPU.Build.0 = Debug|Any CPU
		{F72EF2F0-EF1F-47C4-925A-A3F1621ECA5C}.Release|Any CPU.ActiveCfg = Debug|Any CPU
		{F72EF2F0-EF1F-47C4-925A-A3F1621ECA5C}.Release|Any CPU.Build.0 = Debug|Any CPU
		{08264AE9-DFB6-4961-B704-3C3BB9E52904}.Debug|Any CPU.ActiveCfg = Debug|Any CPU
		{08264AE9-DFB6-4961-B704-3C3BB9E52904}.Debug|Any CPU.Build.0 = Debug|Any CPU
		{08264AE9-DFB6-4961-B704-3C3BB9E52904}.Release|Any CPU.ActiveCfg = Release|Any CPU
		{08264AE9-DFB6-4961-B704-3C3BB9E52904}.Release|Any CPU.Build.0 = Release|Any CPU
		{A7B433EA-F2D1-4BF3-93FB-0787C99F9870}.Debug|Any CPU.ActiveCfg = Debug|Any CPU
		{A7B433EA-F2D1-4BF3-93FB-0787C99F9870}.Debug|Any CPU.Build.0 = Debug|Any CPU
		{A7B433EA-F2D1-4BF3-93FB-0787C99F9870}.Release|Any CPU.ActiveCfg = Release|Any CPU
		{A7B433EA-F2D1-4BF3-93FB-0787C99F9870}.Release|Any CPU.Build.0 = Release|Any CPU
		{55DA8BF5-C31F-4C3B-AEE3-07FDF47DA6F0}.Debug|Any CPU.ActiveCfg = Debug|Any CPU
		{55DA8BF5-C31F-4C3B-AEE3-07FDF47DA6F0}.Debug|Any CPU.Build.0 = Debug|Any CPU
		{55DA8BF5-C31F-4C3B-AEE3-07FDF47DA6F0}.Release|Any CPU.ActiveCfg = Release|Any CPU
		{55DA8BF5-C31F-4C3B-AEE3-07FDF47DA6F0}.Release|Any CPU.Build.0 = Release|Any CPU
		{C6075B5F-2281-465B-BCA4-EE3E2F8CF013}.Debug|Any CPU.ActiveCfg = Debug|Any CPU
		{C6075B5F-2281-465B-BCA4-EE3E2F8CF013}.Debug|Any CPU.Build.0 = Debug|Any CPU
		{C6075B5F-2281-465B-BCA4-EE3E2F8CF013}.Release|Any CPU.ActiveCfg = Release|Any CPU
		{C6075B5F-2281-465B-BCA4-EE3E2F8CF013}.Release|Any CPU.Build.0 = Release|Any CPU
		{67CBC824-A49E-4E9B-A947-360F3DFE65C3}.Debug|Any CPU.ActiveCfg = Debug|Any CPU
		{67CBC824-A49E-4E9B-A947-360F3DFE65C3}.Release|Any CPU.ActiveCfg = Release|Any CPU
		{4F1170A1-AC03-422A-B50F-C066D5B95E2E}.Debug|Any CPU.ActiveCfg = Debug|Any CPU
		{4F1170A1-AC03-422A-B50F-C066D5B95E2E}.Debug|Any CPU.Build.0 = Debug|Any CPU
		{4F1170A1-AC03-422A-B50F-C066D5B95E2E}.Release|Any CPU.ActiveCfg = Release|Any CPU
		{4F1170A1-AC03-422A-B50F-C066D5B95E2E}.Release|Any CPU.Build.0 = Release|Any CPU
	EndGlobalSection
	GlobalSection(SolutionProperties) = preSolution
		HideSolutionNode = FALSE
	EndGlobalSection
EndGlobal
